
Microsoft Visual Studio Solution File, Format Version 12.00
# Visual Studio Version 17
VisualStudioVersion = 17.6.33815.320
MinimumVisualStudioVersion = 10.0.40219.1
Project("{8BC9CEB8-8B4A-11D0-8D11-00A0C91BC942}") = "MatrixTools", "MatrixTools.vcxproj", "{01DC08EA-0BBA-4BFF-ACF8-E9071E7CF429}"
EndProject
Global
	GlobalSection(SolutionConfigurationPlatforms) = preSolution
		Debug|x64 = Debug|x64
		Debug|x86 = Debug|x86
		Release|x64 = Release|x64
		Release|x86 = Release|x86
	EndGlobalSection
	GlobalSection(ProjectConfigurationPlatforms) = postSolution
		{01DC08EA-0BBA-4BFF-ACF8-E9071E7CF429}.Debug|x64.ActiveCfg = Debug|x64
		{01DC08EA-0BBA-4BFF-ACF8-E9071E7CF429}.Debug|x64.Build.0 = Debug|x64
		{01DC08EA-0BBA-4BFF-ACF8-E9071E7CF429}.Debug|x86.ActiveCfg = Debug|Win32
		{01DC08EA-0BBA-4BFF-ACF8-E9071E7CF429}.Debug|x86.Build.0 = Debug|Win32
		{01DC08EA-0BBA-4BFF-ACF8-E9071E7CF429}.Release|x64.ActiveCfg = Release|x64
		{01DC08EA-0BBA-4BFF-ACF8-E9071E7CF429}.Release|x64.Build.0 = Release|x64
		{01DC08EA-0BBA-4BFF-ACF8-E9071E7CF429}.Release|x86.ActiveCfg = Release|Win32
		{01DC08EA-0BBA-4BFF-ACF8-E9071E7CF429}.Release|x86.Build.0 = Release|Win32
	EndGlobalSection
	GlobalSection(SolutionProperties) = preSolution
		HideSolutionNode = FALSE
	EndGlobalSection
	GlobalSection(ExtensibilityGlobals) = postSolution
		SolutionGuid = {40CE3DC2-6B83-4303-9EC9-6D14128FF1D5}
	EndGlobalSection
EndGlobal
